// !$*UTF8*$!
{
	archiveVersion = 1;
	classes = {
	};
	objectVersion = 46;
	objects = {

/* Begin PBXBuildFile section */
		4B0EC9A11CC3CFFB002090DD /* DetailNameCell.swift in Sources */ = {isa = PBXBuildFile; fileRef = 4B0EC9A01CC3CFFB002090DD /* DetailNameCell.swift */; };
		4B0EC9A31CC3D130002090DD /* DetailDetailCell.swift in Sources */ = {isa = PBXBuildFile; fileRef = 4B0EC9A21CC3D130002090DD /* DetailDetailCell.swift */; };
		4B0EC9A51CC3D14E002090DD /* DetailDateToNotifyCell.swift in Sources */ = {isa = PBXBuildFile; fileRef = 4B0EC9A41CC3D14E002090DD /* DetailDateToNotifyCell.swift */; };
		4B0EC9A71CC3D19F002090DD /* DetailPicCell.swift in Sources */ = {isa = PBXBuildFile; fileRef = 4B0EC9A61CC3D19F002090DD /* DetailPicCell.swift */; };
		4B3A8DE51C846DDF005B1DE5 /* AppDelegate.swift in Sources */ = {isa = PBXBuildFile; fileRef = 4B3A8DE41C846DDF005B1DE5 /* AppDelegate.swift */; };
		4B3A8DEA1C846DDF005B1DE5 /* Main.storyboard in Resources */ = {isa = PBXBuildFile; fileRef = 4B3A8DE81C846DDF005B1DE5 /* Main.storyboard */; };
		4B3A8DEC1C846DDF005B1DE5 /* Assets.xcassets in Resources */ = {isa = PBXBuildFile; fileRef = 4B3A8DEB1C846DDF005B1DE5 /* Assets.xcassets */; };
		4B3A8DEF1C846DDF005B1DE5 /* LaunchScreen.storyboard in Resources */ = {isa = PBXBuildFile; fileRef = 4B3A8DED1C846DDF005B1DE5 /* LaunchScreen.storyboard */; };
		4B3A8DF71C847018005B1DE5 /* ItemsViewController.swift in Sources */ = {isa = PBXBuildFile; fileRef = 4B3A8DF61C847018005B1DE5 /* ItemsViewController.swift */; };
		4B3A8DF91C8470F2005B1DE5 /* Item.swift in Sources */ = {isa = PBXBuildFile; fileRef = 4B3A8DF81C8470F2005B1DE5 /* Item.swift */; };
		4B3A8DFB1C847581005B1DE5 /* ItemStore.swift in Sources */ = {isa = PBXBuildFile; fileRef = 4B3A8DFA1C847581005B1DE5 /* ItemStore.swift */; };
		4B5FEB021CC6905900751CF1 /* PictureViewController.swift in Sources */ = {isa = PBXBuildFile; fileRef = 4B5FEB011CC6905900751CF1 /* PictureViewController.swift */; };
		4B7EB7731CCF6B8E00C90C0E /* ImageScrollView.swift in Sources */ = {isa = PBXBuildFile; fileRef = 4B7EB7721CCF6B8E00C90C0E /* ImageScrollView.swift */; };
		4B8EB5601CD6271F00E9758C /* ItemSectionHeaderView.xib in Resources */ = {isa = PBXBuildFile; fileRef = 4B8EB55F1CD6271F00E9758C /* ItemSectionHeaderView.xib */; };
		4B8EB5641CD63D0D00E9758C /* ItemSectionHeaderView.swift in Sources */ = {isa = PBXBuildFile; fileRef = 4B8EB5631CD63D0D00E9758C /* ItemSectionHeaderView.swift */; };
		4B8EB5671CD7310E00E9758C /* DetaiDateInfoCell.swift in Sources */ = {isa = PBXBuildFile; fileRef = 4B8EB5661CD7310E00E9758C /* DetaiDateInfoCell.swift */; };
		4B8EB5691CD7353F00E9758C /* DetailDateRepeatCell.swift in Sources */ = {isa = PBXBuildFile; fileRef = 4B8EB5681CD7353F00E9758C /* DetailDateRepeatCell.swift */; };
		4BB29B3C1C9A9672006E1BB8 /* ImageStore.swift in Sources */ = {isa = PBXBuildFile; fileRef = 4BB29B3B1C9A9672006E1BB8 /* ImageStore.swift */; };
		4BBB65BB1C99A71000DB1DDE /* DetailViewController.swift in Sources */ = {isa = PBXBuildFile; fileRef = 4BBB65BA1C99A71000DB1DDE /* DetailViewController.swift */; };
		4BD8CD4D1C8F209200B38916 /* ItemCell.swift in Sources */ = {isa = PBXBuildFile; fileRef = 4BD8CD4C1C8F209200B38916 /* ItemCell.swift */; };
/* End PBXBuildFile section */

/* Begin PBXFileReference section */
		4B0EC9A01CC3CFFB002090DD /* DetailNameCell.swift */ = {isa = PBXFileReference; fileEncoding = 4; lastKnownFileType = sourcecode.swift; path = DetailNameCell.swift; sourceTree = "<group>"; };
		4B0EC9A21CC3D130002090DD /* DetailDetailCell.swift */ = {isa = PBXFileReference; fileEncoding = 4; lastKnownFileType = sourcecode.swift; path = DetailDetailCell.swift; sourceTree = "<group>"; };
		4B0EC9A41CC3D14E002090DD /* DetailDateToNotifyCell.swift */ = {isa = PBXFileReference; fileEncoding = 4; lastKnownFileType = sourcecode.swift; path = DetailDateToNotifyCell.swift; sourceTree = "<group>"; };
		4B0EC9A61CC3D19F002090DD /* DetailPicCell.swift */ = {isa = PBXFileReference; fileEncoding = 4; lastKnownFileType = sourcecode.swift; path = DetailPicCell.swift; sourceTree = "<group>"; };
		4B3A8DE11C846DDF005B1DE5 /* EasyToDo.app */ = {isa = PBXFileReference; explicitFileType = wrapper.application; includeInIndex = 0; path = EasyToDo.app; sourceTree = BUILT_PRODUCTS_DIR; };
		4B3A8DE41C846DDF005B1DE5 /* AppDelegate.swift */ = {isa = PBXFileReference; lastKnownFileType = sourcecode.swift; path = AppDelegate.swift; sourceTree = "<group>"; };
		4B3A8DE91C846DDF005B1DE5 /* Base */ = {isa = PBXFileReference; lastKnownFileType = file.storyboard; name = Base; path = Base.lproj/Main.storyboard; sourceTree = "<group>"; };
		4B3A8DEB1C846DDF005B1DE5 /* Assets.xcassets */ = {isa = PBXFileReference; lastKnownFileType = folder.assetcatalog; path = Assets.xcassets; sourceTree = "<group>"; };
		4B3A8DEE1C846DDF005B1DE5 /* Base */ = {isa = PBXFileReference; lastKnownFileType = file.storyboard; name = Base; path = Base.lproj/LaunchScreen.storyboard; sourceTree = "<group>"; };
		4B3A8DF01C846DDF005B1DE5 /* Info.plist */ = {isa = PBXFileReference; lastKnownFileType = text.plist.xml; path = Info.plist; sourceTree = "<group>"; };
		4B3A8DF61C847018005B1DE5 /* ItemsViewController.swift */ = {isa = PBXFileReference; fileEncoding = 4; lastKnownFileType = sourcecode.swift; path = ItemsViewController.swift; sourceTree = "<group>"; };
		4B3A8DF81C8470F2005B1DE5 /* Item.swift */ = {isa = PBXFileReference; fileEncoding = 4; lastKnownFileType = sourcecode.swift; path = Item.swift; sourceTree = "<group>"; };
		4B3A8DFA1C847581005B1DE5 /* ItemStore.swift */ = {isa = PBXFileReference; fileEncoding = 4; lastKnownFileType = sourcecode.swift; path = ItemStore.swift; sourceTree = "<group>"; };
		4B5FEB011CC6905900751CF1 /* PictureViewController.swift */ = {isa = PBXFileReference; fileEncoding = 4; lastKnownFileType = sourcecode.swift; path = PictureViewController.swift; sourceTree = "<group>"; };
		4B7EB7721CCF6B8E00C90C0E /* ImageScrollView.swift */ = {isa = PBXFileReference; fileEncoding = 4; lastKnownFileType = sourcecode.swift; path = ImageScrollView.swift; sourceTree = "<group>"; };
		4B8EB55F1CD6271F00E9758C /* ItemSectionHeaderView.xib */ = {isa = PBXFileReference; fileEncoding = 4; lastKnownFileType = file.xib; path = ItemSectionHeaderView.xib; sourceTree = "<group>"; };
		4B8EB5631CD63D0D00E9758C /* ItemSectionHeaderView.swift */ = {isa = PBXFileReference; fileEncoding = 4; lastKnownFileType = sourcecode.swift; path = ItemSectionHeaderView.swift; sourceTree = "<group>"; };
		4B8EB5661CD7310E00E9758C /* DetaiDateInfoCell.swift */ = {isa = PBXFileReference; fileEncoding = 4; lastKnownFileType = sourcecode.swift; path = DetaiDateInfoCell.swift; sourceTree = "<group>"; };
		4B8EB5681CD7353F00E9758C /* DetailDateRepeatCell.swift */ = {isa = PBXFileReference; fileEncoding = 4; lastKnownFileType = sourcecode.swift; path = DetailDateRepeatCell.swift; sourceTree = "<group>"; };
		4BB29B3B1C9A9672006E1BB8 /* ImageStore.swift */ = {isa = PBXFileReference; fileEncoding = 4; lastKnownFileType = sourcecode.swift; path = ImageStore.swift; sourceTree = "<group>"; };
		4BBB65BA1C99A71000DB1DDE /* DetailViewController.swift */ = {isa = PBXFileReference; fileEncoding = 4; lastKnownFileType = sourcecode.swift; path = DetailViewController.swift; sourceTree = "<group>"; };
		4BD8CD4C1C8F209200B38916 /* ItemCell.swift */ = {isa = PBXFileReference; fileEncoding = 4; lastKnownFileType = sourcecode.swift; path = ItemCell.swift; sourceTree = "<group>"; };
/* End PBXFileReference section */

/* Begin PBXFrameworksBuildPhase section */
		4B3A8DDE1C846DDF005B1DE5 /* Frameworks */ = {
			isa = PBXFrameworksBuildPhase;
			buildActionMask = 2147483647;
			files = (
			);
			runOnlyForDeploymentPostprocessing = 0;
		};
/* End PBXFrameworksBuildPhase section */

/* Begin PBXGroup section */
		4B3A8DD81C846DDF005B1DE5 = {
			isa = PBXGroup;
			children = (
				4B3A8DE31C846DDF005B1DE5 /* EasyToDo */,
				4B3A8DE21C846DDF005B1DE5 /* Products */,
			);
			sourceTree = "<group>";
		};
		4B3A8DE21C846DDF005B1DE5 /* Products */ = {
			isa = PBXGroup;
			children = (
				4B3A8DE11C846DDF005B1DE5 /* EasyToDo.app */,
			);
			name = Products;
			sourceTree = "<group>";
		};
		4B3A8DE31C846DDF005B1DE5 /* EasyToDo */ = {
			isa = PBXGroup;
			children = (
				4B8EB5651CD6400700E9758C /* Resources */,
				4B7995801CBB3B7600DEACB0 /* Views */,
				4B79957F1CBB3B6000DEACB0 /* Models */,
				4B79957E1CBB3B4D00DEACB0 /* ViewControllers */,
				4B3A8DE41C846DDF005B1DE5 /* AppDelegate.swift */,
				4B3A8DF01C846DDF005B1DE5 /* Info.plist */,
			);
			path = EasyToDo;
			sourceTree = "<group>";
		};
		4B79957E1CBB3B4D00DEACB0 /* ViewControllers */ = {
			isa = PBXGroup;
			children = (
				4B3A8DF61C847018005B1DE5 /* ItemsViewController.swift */,
				4B5FEB011CC6905900751CF1 /* PictureViewController.swift */,
				4BBB65BA1C99A71000DB1DDE /* DetailViewController.swift */,
			);
			name = ViewControllers;
			sourceTree = "<group>";
		};
		4B79957F1CBB3B6000DEACB0 /* Models */ = {
			isa = PBXGroup;
			children = (
				4B3A8DF81C8470F2005B1DE5 /* Item.swift */,
				4B3A8DFA1C847581005B1DE5 /* ItemStore.swift */,
				4BB29B3B1C9A9672006E1BB8 /* ImageStore.swift */,
			);
			name = Models;
			sourceTree = "<group>";
		};
		4B7995801CBB3B7600DEACB0 /* Views */ = {
			isa = PBXGroup;
			children = (
				4BD8CD4C1C8F209200B38916 /* ItemCell.swift */,
				4B0EC9A01CC3CFFB002090DD /* DetailNameCell.swift */,
				4B0EC9A21CC3D130002090DD /* DetailDetailCell.swift */,
				4B0EC9A41CC3D14E002090DD /* DetailDateToNotifyCell.swift */,
				4B0EC9A61CC3D19F002090DD /* DetailPicCell.swift */,
				4B7EB7721CCF6B8E00C90C0E /* ImageScrollView.swift */,
				4B8EB5631CD63D0D00E9758C /* ItemSectionHeaderView.swift */,
				4B8EB5661CD7310E00E9758C /* DetaiDateInfoCell.swift */,
				4B8EB5681CD7353F00E9758C /* DetailDateRepeatCell.swift */,
			);
			name = Views;
			sourceTree = "<group>";
		};
		4B8EB5651CD6400700E9758C /* Resources */ = {
			isa = PBXGroup;
			children = (
				4B8EB55F1CD6271F00E9758C /* ItemSectionHeaderView.xib */,
				4B3A8DE81C846DDF005B1DE5 /* Main.storyboard */,
				4B3A8DEB1C846DDF005B1DE5 /* Assets.xcassets */,
				4B3A8DED1C846DDF005B1DE5 /* LaunchScreen.storyboard */,
			);
			name = Resources;
			sourceTree = "<group>";
		};
/* End PBXGroup section */

/* Begin PBXNativeTarget section */
		4B3A8DE01C846DDF005B1DE5 /* EasyToDo */ = {
			isa = PBXNativeTarget;
			buildConfigurationList = 4B3A8DF31C846DDF005B1DE5 /* Build configuration list for PBXNativeTarget "EasyToDo" */;
			buildPhases = (
				4B3A8DDD1C846DDF005B1DE5 /* Sources */,
				4B3A8DDE1C846DDF005B1DE5 /* Frameworks */,
				4B3A8DDF1C846DDF005B1DE5 /* Resources */,
			);
			buildRules = (
			);
			dependencies = (
			);
			name = EasyToDo;
			productName = EasyToDo;
			productReference = 4B3A8DE11C846DDF005B1DE5 /* EasyToDo.app */;
			productType = "com.apple.product-type.application";
		};
/* End PBXNativeTarget section */

/* Begin PBXProject section */
		4B3A8DD91C846DDF005B1DE5 /* Project object */ = {
			isa = PBXProject;
			attributes = {
				LastSwiftUpdateCheck = 0720;
				LastUpgradeCheck = 0720;
				ORGANIZATIONNAME = "Jackie Zhang";
				TargetAttributes = {
					4B3A8DE01C846DDF005B1DE5 = {
						CreatedOnToolsVersion = 7.2.1;
						DevelopmentTeam = 7TXG2EZRXQ;
					};
				};
			};
			buildConfigurationList = 4B3A8DDC1C846DDF005B1DE5 /* Build configuration list for PBXProject "EasyToDo" */;
			compatibilityVersion = "Xcode 3.2";
			developmentRegion = English;
			hasScannedForEncodings = 0;
			knownRegions = (
				en,
				Base,
			);
			mainGroup = 4B3A8DD81C846DDF005B1DE5;
			productRefGroup = 4B3A8DE21C846DDF005B1DE5 /* Products */;
			projectDirPath = "";
			projectRoot = "";
			targets = (
				4B3A8DE01C846DDF005B1DE5 /* EasyToDo */,
			);
		};
/* End PBXProject section */

/* Begin PBXResourcesBuildPhase section */
		4B3A8DDF1C846DDF005B1DE5 /* Resources */ = {
			isa = PBXResourcesBuildPhase;
			buildActionMask = 2147483647;
			files = (
				4B3A8DEF1C846DDF005B1DE5 /* LaunchScreen.storyboard in Resources */,
				4B3A8DEC1C846DDF005B1DE5 /* Assets.xcassets in Resources */,
				4B8EB5601CD6271F00E9758C /* ItemSectionHeaderView.xib in Resources */,
				4B3A8DEA1C846DDF005B1DE5 /* Main.storyboard in Resources */,
			);
			runOnlyForDeploymentPostprocessing = 0;
		};
/* End PBXResourcesBuildPhase section */

/* Begin PBXSourcesBuildPhase section */
		4B3A8DDD1C846DDF005B1DE5 /* Sources */ = {
			isa = PBXSourcesBuildPhase;
			buildActionMask = 2147483647;
			files = (
				4B8EB5671CD7310E00E9758C /* DetaiDateInfoCell.swift in Sources */,
				4B3A8DF71C847018005B1DE5 /* ItemsViewController.swift in Sources */,
				4B5FEB021CC6905900751CF1 /* PictureViewController.swift in Sources */,
				4B7EB7731CCF6B8E00C90C0E /* ImageScrollView.swift in Sources */,
				4B3A8DF91C8470F2005B1DE5 /* Item.swift in Sources */,
				4B3A8DFB1C847581005B1DE5 /* ItemStore.swift in Sources */,
				4B0EC9A71CC3D19F002090DD /* DetailPicCell.swift in Sources */,
				4B8EB5691CD7353F00E9758C /* DetailDateRepeatCell.swift in Sources */,
				4B8EB5641CD63D0D00E9758C /* ItemSectionHeaderView.swift in Sources */,
				4B0EC9A51CC3D14E002090DD /* DetailDateToNotifyCell.swift in Sources */,
				4B0EC9A31CC3D130002090DD /* DetailDetailCell.swift in Sources */,
				4BBB65BB1C99A71000DB1DDE /* DetailViewController.swift in Sources */,
				4B3A8DE51C846DDF005B1DE5 /* AppDelegate.swift in Sources */,
				4BB29B3C1C9A9672006E1BB8 /* ImageStore.swift in Sources */,
				4B0EC9A11CC3CFFB002090DD /* DetailNameCell.swift in Sources */,
				4BD8CD4D1C8F209200B38916 /* ItemCell.swift in Sources */,
			);
			runOnlyForDeploymentPostprocessing = 0;
		};
/* End PBXSourcesBuildPhase section */

/* Begin PBXVariantGroup section */
		4B3A8DE81C846DDF005B1DE5 /* Main.storyboard */ = {
			isa = PBXVariantGroup;
			children = (
				4B3A8DE91C846DDF005B1DE5 /* Base */,
			);
			name = Main.storyboard;
			sourceTree = "<group>";
		};
		4B3A8DED1C846DDF005B1DE5 /* LaunchScreen.storyboard */ = {
			isa = PBXVariantGroup;
			children = (
				4B3A8DEE1C846DDF005B1DE5 /* Base */,
			);
			name = LaunchScreen.storyboard;
			sourceTree = "<group>";
		};
/* End PBXVariantGroup section */

/* Begin XCBuildConfiguration section */
		4B3A8DF11C846DDF005B1DE5 /* Debug */ = {
			isa = XCBuildConfiguration;
			buildSettings = {
				ALWAYS_SEARCH_USER_PATHS = NO;
				CLANG_CXX_LANGUAGE_STANDARD = "gnu++0x";
				CLANG_CXX_LIBRARY = "libc++";
				CLANG_ENABLE_MODULES = YES;
				CLANG_ENABLE_OBJC_ARC = YES;
				CLANG_WARN_BOOL_CONVERSION = YES;
				CLANG_WARN_CONSTANT_CONVERSION = YES;
				CLANG_WARN_DIRECT_OBJC_ISA_USAGE = YES_ERROR;
				CLANG_WARN_EMPTY_BODY = YES;
				CLANG_WARN_ENUM_CONVERSION = YES;
				CLANG_WARN_INT_CONVERSION = YES;
				CLANG_WARN_OBJC_ROOT_CLASS = YES_ERROR;
				CLANG_WARN_UNREACHABLE_CODE = YES;
				CLANG_WARN__DUPLICATE_METHOD_MATCH = YES;
				"CODE_SIGN_IDENTITY[sdk=iphoneos*]" = "iPhone Developer";
				COPY_PHASE_STRIP = NO;
				DEBUG_INFORMATION_FORMAT = dwarf;
				ENABLE_STRICT_OBJC_MSGSEND = YES;
				ENABLE_TESTABILITY = YES;
				GCC_C_LANGUAGE_STANDARD = gnu99;
				GCC_DYNAMIC_NO_PIC = NO;
				GCC_NO_COMMON_BLOCKS = YES;
				GCC_OPTIMIZATION_LEVEL = 0;
				GCC_PREPROCESSOR_DEFINITIONS = (
					"DEBUG=1",
					"$(inherited)",
				);
				GCC_WARN_64_TO_32_BIT_CONVERSION = YES;
				GCC_WARN_ABOUT_RETURN_TYPE = YES_ERROR;
				GCC_WARN_UNDECLARED_SELECTOR = YES;
				GCC_WARN_UNINITIALIZED_AUTOS = YES_AGGRESSIVE;
				GCC_WARN_UNUSED_FUNCTION = YES;
				GCC_WARN_UNUSED_VARIABLE = YES;
				IPHONEOS_DEPLOYMENT_TARGET = 9.2;
				MTL_ENABLE_DEBUG_INFO = YES;
				ONLY_ACTIVE_ARCH = YES;
				SDKROOT = iphoneos;
				SWIFT_OPTIMIZATION_LEVEL = "-Onone";
			};
			name = Debug;
		};
		4B3A8DF21C846DDF005B1DE5 /* Release */ = {
			isa = XCBuildConfiguration;
			buildSettings = {
				ALWAYS_SEARCH_USER_PATHS = NO;
				CLANG_CXX_LANGUAGE_STANDARD = "gnu++0x";
				CLANG_CXX_LIBRARY = "libc++";
				CLANG_ENABLE_MODULES = YES;
				CLANG_ENABLE_OBJC_ARC = YES;
				CLANG_WARN_BOOL_CONVERSION = YES;
				CLANG_WARN_CONSTANT_CONVERSION = YES;
				CLANG_WARN_DIRECT_OBJC_ISA_USAGE = YES_ERROR;
				CLANG_WARN_EMPTY_BODY = YES;
				CLANG_WARN_ENUM_CONVERSION = YES;
				CLANG_WARN_INT_CONVERSION = YES;
				CLANG_WARN_OBJC_ROOT_CLASS = YES_ERROR;
				CLANG_WARN_UNREACHABLE_CODE = YES;
				CLANG_WARN__DUPLICATE_METHOD_MATCH = YES;
				"CODE_SIGN_IDENTITY[sdk=iphoneos*]" = "iPhone Developer";
				COPY_PHASE_STRIP = NO;
				DEBUG_INFORMATION_FORMAT = "dwarf-with-dsym";
				ENABLE_NS_ASSERTIONS = NO;
				ENABLE_STRICT_OBJC_MSGSEND = YES;
				GCC_C_LANGUAGE_STANDARD = gnu99;
				GCC_NO_COMMON_BLOCKS = YES;
				GCC_WARN_64_TO_32_BIT_CONVERSION = YES;
				GCC_WARN_ABOUT_RETURN_TYPE = YES_ERROR;
				GCC_WARN_UNDECLARED_SELECTOR = YES;
				GCC_WARN_UNINITIALIZED_AUTOS = YES_AGGRESSIVE;
				GCC_WARN_UNUSED_FUNCTION = YES;
				GCC_WARN_UNUSED_VARIABLE = YES;
				IPHONEOS_DEPLOYMENT_TARGET = 9.2;
				MTL_ENABLE_DEBUG_INFO = NO;
				SDKROOT = iphoneos;
				VALIDATE_PRODUCT = YES;
			};
			name = Release;
		};
		4B3A8DF41C846DDF005B1DE5 /* Debug */ = {
			isa = XCBuildConfiguration;
			buildSettings = {
				ASSETCATALOG_COMPILER_APPICON_NAME = AppIcon;
				CODE_SIGN_IDENTITY = "iPhone Developer";
				"CODE_SIGN_IDENTITY[sdk=iphoneos*]" = "iPhone Developer";
				INFOPLIST_FILE = EasyToDo/Info.plist;
				LD_RUNPATH_SEARCH_PATHS = "$(inherited) @executable_path/Frameworks";
				PRODUCT_BUNDLE_IDENTIFIER = com.jackiezhang.EasyToDo;
				PRODUCT_NAME = EasyToDo;
				PROVISIONING_PROFILE = "";
			};
			name = Debug;
		};
		4B3A8DF51C846DDF005B1DE5 /* Release */ = {
			isa = XCBuildConfiguration;
			buildSettings = {
				ASSETCATALOG_COMPILER_APPICON_NAME = AppIcon;
				CODE_SIGN_IDENTITY = "iPhone Developer";
				"CODE_SIGN_IDENTITY[sdk=iphoneos*]" = "iPhone Developer";
				INFOPLIST_FILE = EasyToDo/Info.plist;
				LD_RUNPATH_SEARCH_PATHS = "$(inherited) @executable_path/Frameworks";
				PRODUCT_BUNDLE_IDENTIFIER = com.jackiezhang.EasyToDo;
				PRODUCT_NAME = EasyToDo;
				PROVISIONING_PROFILE = "";
			};
			name = Release;
		};
/* End XCBuildConfiguration section */

/* Begin XCConfigurationList section */
		4B3A8DDC1C846DDF005B1DE5 /* Build configuration list for PBXProject "EasyToDo" */ = {
			isa = XCConfigurationList;
			buildConfigurations = (
				4B3A8DF11C846DDF005B1DE5 /* Debug */,
				4B3A8DF21C846DDF005B1DE5 /* Release */,
			);
			defaultConfigurationIsVisible = 0;
			defaultConfigurationName = Release;
		};
		4B3A8DF31C846DDF005B1DE5 /* Build configuration list for PBXNativeTarget "EasyToDo" */ = {
			isa = XCConfigurationList;
			buildConfigurations = (
				4B3A8DF41C846DDF005B1DE5 /* Debug */,
				4B3A8DF51C846DDF005B1DE5 /* Release */,
			);
			defaultConfigurationIsVisible = 0;
			defaultConfigurationName = Release;
		};
/* End XCConfigurationList section */
	};
	rootObject = 4B3A8DD91C846DDF005B1DE5 /* Project object */;
}
