// !$*UTF8*$!
{
	archiveVersion = 1;
	classes = {
	};
	objectVersion = 46;
	objects = {

/* Begin PBXBuildFile section */
		4B18DDAD1D13C3570092AB4F /* LaunchScreenViewController.swift in Sources */ = {isa = PBXBuildFile; fileRef = 4B18DDAC1D13C3570092AB4F /* LaunchScreenViewController.swift */; };
		4B20AB791D007AFA0009442E /* AudioViewController.swift in Sources */ = {isa = PBXBuildFile; fileRef = 4B20AB781D007AFA0009442E /* AudioViewController.swift */; };
		4B33DF901D1055D500579DA0 /* Localizable.strings in Resources */ = {isa = PBXBuildFile; fileRef = 4B33DF921D1055D500579DA0 /* Localizable.strings */; };
		4B3A8DE51C846DDF005B1DE5 /* AppDelegate.swift in Sources */ = {isa = PBXBuildFile; fileRef = 4B3A8DE41C846DDF005B1DE5 /* AppDelegate.swift */; };
		4B3A8DEA1C846DDF005B1DE5 /* Main.storyboard in Resources */ = {isa = PBXBuildFile; fileRef = 4B3A8DE81C846DDF005B1DE5 /* Main.storyboard */; };
		4B3A8DEC1C846DDF005B1DE5 /* Assets.xcassets in Resources */ = {isa = PBXBuildFile; fileRef = 4B3A8DEB1C846DDF005B1DE5 /* Assets.xcassets */; };
		4B3A8DF71C847018005B1DE5 /* ItemsViewController.swift in Sources */ = {isa = PBXBuildFile; fileRef = 4B3A8DF61C847018005B1DE5 /* ItemsViewController.swift */; };
		4B3A8DF91C8470F2005B1DE5 /* Item.swift in Sources */ = {isa = PBXBuildFile; fileRef = 4B3A8DF81C8470F2005B1DE5 /* Item.swift */; };
		4B3A8DFB1C847581005B1DE5 /* ItemStore.swift in Sources */ = {isa = PBXBuildFile; fileRef = 4B3A8DFA1C847581005B1DE5 /* ItemStore.swift */; };
		4B5FEB021CC6905900751CF1 /* PictureViewController.swift in Sources */ = {isa = PBXBuildFile; fileRef = 4B5FEB011CC6905900751CF1 /* PictureViewController.swift */; };
		4B7EB7731CCF6B8E00C90C0E /* ImageScrollView.swift in Sources */ = {isa = PBXBuildFile; fileRef = 4B7EB7721CCF6B8E00C90C0E /* ImageScrollView.swift */; };
		4B82FAE51CED5AC8004F4E76 /* BaseCell.swift in Sources */ = {isa = PBXBuildFile; fileRef = 4B82FAE41CED5AC8004F4E76 /* BaseCell.swift */; };
		4B8EB5601CD6271F00E9758C /* ItemSectionHeaderView.xib in Resources */ = {isa = PBXBuildFile; fileRef = 4B8EB55F1CD6271F00E9758C /* ItemSectionHeaderView.xib */; };
		4B8EB5641CD63D0D00E9758C /* ItemSectionHeaderView.swift in Sources */ = {isa = PBXBuildFile; fileRef = 4B8EB5631CD63D0D00E9758C /* ItemSectionHeaderView.swift */; };
		4BB29B3C1C9A9672006E1BB8 /* ImageStore.swift in Sources */ = {isa = PBXBuildFile; fileRef = 4BB29B3B1C9A9672006E1BB8 /* ImageStore.swift */; };
		4BD8CD4D1C8F209200B38916 /* ItemCell.swift in Sources */ = {isa = PBXBuildFile; fileRef = 4BD8CD4C1C8F209200B38916 /* ItemCell.swift */; };
		4BF144871D01192F0033AB71 /* ResourceStore.swift in Sources */ = {isa = PBXBuildFile; fileRef = 4BF144861D01192F0033AB71 /* ResourceStore.swift */; };
		4BF144891D011D750033AB71 /* AudioStore.swift in Sources */ = {isa = PBXBuildFile; fileRef = 4BF144881D011D750033AB71 /* AudioStore.swift */; };
		4BFACA6F1D123C3E0041435F /* AudioMeteringView.swift in Sources */ = {isa = PBXBuildFile; fileRef = 4BFACA6E1D123C3E0041435F /* AudioMeteringView.swift */; };
/* End PBXBuildFile section */

/* Begin PBXFileReference section */
		4B18DDAC1D13C3570092AB4F /* LaunchScreenViewController.swift */ = {isa = PBXFileReference; fileEncoding = 4; lastKnownFileType = sourcecode.swift; path = LaunchScreenViewController.swift; sourceTree = "<group>"; };
		4B20AB781D007AFA0009442E /* AudioViewController.swift */ = {isa = PBXFileReference; fileEncoding = 4; lastKnownFileType = sourcecode.swift; path = AudioViewController.swift; sourceTree = "<group>"; };
		4B33DF8B1D10531B00579DA0 /* zh-Hans */ = {isa = PBXFileReference; lastKnownFileType = text.plist.strings; name = "zh-Hans"; path = "zh-Hans.lproj/Main.strings"; sourceTree = "<group>"; };
		4B33DF8D1D1053F000579DA0 /* en */ = {isa = PBXFileReference; lastKnownFileType = text.plist.strings; name = en; path = en.lproj/Main.strings; sourceTree = "<group>"; };
		4B33DF911D1055D500579DA0 /* en */ = {isa = PBXFileReference; lastKnownFileType = text.plist.strings; name = en; path = en.lproj/Localizable.strings; sourceTree = "<group>"; };
		4B33DF931D1055D900579DA0 /* zh-Hans */ = {isa = PBXFileReference; lastKnownFileType = text.plist.strings; name = "zh-Hans"; path = "zh-Hans.lproj/Localizable.strings"; sourceTree = "<group>"; };
		4B33DF941D1056C300579DA0 /* Base */ = {isa = PBXFileReference; lastKnownFileType = text.plist.strings; name = Base; path = Base.lproj/Localizable.strings; sourceTree = "<group>"; };
		4B3A8DE11C846DDF005B1DE5 /* EasyToDo.app */ = {isa = PBXFileReference; explicitFileType = wrapper.application; includeInIndex = 0; path = EasyToDo.app; sourceTree = BUILT_PRODUCTS_DIR; };
		4B3A8DE41C846DDF005B1DE5 /* AppDelegate.swift */ = {isa = PBXFileReference; lastKnownFileType = sourcecode.swift; path = AppDelegate.swift; sourceTree = "<group>"; };
		4B3A8DE91C846DDF005B1DE5 /* Base */ = {isa = PBXFileReference; lastKnownFileType = file.storyboard; name = Base; path = Base.lproj/Main.storyboard; sourceTree = "<group>"; };
		4B3A8DEB1C846DDF005B1DE5 /* Assets.xcassets */ = {isa = PBXFileReference; lastKnownFileType = folder.assetcatalog; path = Assets.xcassets; sourceTree = "<group>"; };
		4B3A8DF01C846DDF005B1DE5 /* Info.plist */ = {isa = PBXFileReference; lastKnownFileType = text.plist.xml; path = Info.plist; sourceTree = "<group>"; };
		4B3A8DF61C847018005B1DE5 /* ItemsViewController.swift */ = {isa = PBXFileReference; fileEncoding = 4; lastKnownFileType = sourcecode.swift; path = ItemsViewController.swift; sourceTree = "<group>"; };
		4B3A8DF81C8470F2005B1DE5 /* Item.swift */ = {isa = PBXFileReference; fileEncoding = 4; lastKnownFileType = sourcecode.swift; path = Item.swift; sourceTree = "<group>"; };
		4B3A8DFA1C847581005B1DE5 /* ItemStore.swift */ = {isa = PBXFileReference; fileEncoding = 4; lastKnownFileType = sourcecode.swift; path = ItemStore.swift; sourceTree = "<group>"; };
		4B5FEB011CC6905900751CF1 /* PictureViewController.swift */ = {isa = PBXFileReference; fileEncoding = 4; lastKnownFileType = sourcecode.swift; path = PictureViewController.swift; sourceTree = "<group>"; };
		4B7EB7721CCF6B8E00C90C0E /* ImageScrollView.swift */ = {isa = PBXFileReference; fileEncoding = 4; lastKnownFileType = sourcecode.swift; path = ImageScrollView.swift; sourceTree = "<group>"; };
		4B82FAE41CED5AC8004F4E76 /* BaseCell.swift */ = {isa = PBXFileReference; fileEncoding = 4; lastKnownFileType = sourcecode.swift; path = BaseCell.swift; sourceTree = "<group>"; };
		4B8EB55F1CD6271F00E9758C /* ItemSectionHeaderView.xib */ = {isa = PBXFileReference; fileEncoding = 4; lastKnownFileType = file.xib; path = ItemSectionHeaderView.xib; sourceTree = "<group>"; };
		4B8EB5631CD63D0D00E9758C /* ItemSectionHeaderView.swift */ = {isa = PBXFileReference; fileEncoding = 4; lastKnownFileType = sourcecode.swift; path = ItemSectionHeaderView.swift; sourceTree = "<group>"; };
		4BB29B3B1C9A9672006E1BB8 /* ImageStore.swift */ = {isa = PBXFileReference; fileEncoding = 4; lastKnownFileType = sourcecode.swift; path = ImageStore.swift; sourceTree = "<group>"; };
		4BC5F5391CF4A85300B9D770 /* Reveal.framework */ = {isa = PBXFileReference; lastKnownFileType = wrapper.framework; path = Reveal.framework; sourceTree = "<group>"; };
		4BD8CD4C1C8F209200B38916 /* ItemCell.swift */ = {isa = PBXFileReference; fileEncoding = 4; lastKnownFileType = sourcecode.swift; path = ItemCell.swift; sourceTree = "<group>"; };
		4BF144861D01192F0033AB71 /* ResourceStore.swift */ = {isa = PBXFileReference; fileEncoding = 4; lastKnownFileType = sourcecode.swift; path = ResourceStore.swift; sourceTree = "<group>"; };
		4BF144881D011D750033AB71 /* AudioStore.swift */ = {isa = PBXFileReference; fileEncoding = 4; lastKnownFileType = sourcecode.swift; path = AudioStore.swift; sourceTree = "<group>"; };
		4BFACA6E1D123C3E0041435F /* AudioMeteringView.swift */ = {isa = PBXFileReference; fileEncoding = 4; lastKnownFileType = sourcecode.swift; path = AudioMeteringView.swift; sourceTree = "<group>"; };
/* End PBXFileReference section */

/* Begin PBXFrameworksBuildPhase section */
		4B3A8DDE1C846DDF005B1DE5 /* Frameworks */ = {
			isa = PBXFrameworksBuildPhase;
			buildActionMask = 2147483647;
			files = (
			);
			runOnlyForDeploymentPostprocessing = 0;
		};
/* End PBXFrameworksBuildPhase section */

/* Begin PBXGroup section */
		4B22C10D1CED6D3300441267 /* Cell */ = {
			isa = PBXGroup;
			children = (
				4B82FAE41CED5AC8004F4E76 /* BaseCell.swift */,
				4BD8CD4C1C8F209200B38916 /* ItemCell.swift */,
			);
			name = Cell;
			sourceTree = "<group>";
		};
		4B22C10E1CED6D4700441267 /* View */ = {
			isa = PBXGroup;
			children = (
				4B7EB7721CCF6B8E00C90C0E /* ImageScrollView.swift */,
				4B8EB5631CD63D0D00E9758C /* ItemSectionHeaderView.swift */,
				4BFACA6E1D123C3E0041435F /* AudioMeteringView.swift */,
			);
			name = View;
			sourceTree = "<group>";
		};
		4B3A8DD81C846DDF005B1DE5 = {
			isa = PBXGroup;
			children = (
				4B3A8DE31C846DDF005B1DE5 /* EasyToDo */,
				4B3A8DE21C846DDF005B1DE5 /* Products */,
			);
			sourceTree = "<group>";
		};
		4B3A8DE21C846DDF005B1DE5 /* Products */ = {
			isa = PBXGroup;
			children = (
				4B3A8DE11C846DDF005B1DE5 /* EasyToDo.app */,
			);
			name = Products;
			sourceTree = "<group>";
		};
		4B3A8DE31C846DDF005B1DE5 /* EasyToDo */ = {
			isa = PBXGroup;
			children = (
				4B8EB5651CD6400700E9758C /* Resources */,
				4B7995801CBB3B7600DEACB0 /* Views */,
				4B79957F1CBB3B6000DEACB0 /* Models */,
				4B79957E1CBB3B4D00DEACB0 /* ViewControllers */,
				4B3A8DE41C846DDF005B1DE5 /* AppDelegate.swift */,
				4B3A8DF01C846DDF005B1DE5 /* Info.plist */,
			);
			path = EasyToDo;
			sourceTree = "<group>";
		};
		4B79957E1CBB3B4D00DEACB0 /* ViewControllers */ = {
			isa = PBXGroup;
			children = (
				4B3A8DF61C847018005B1DE5 /* ItemsViewController.swift */,
				4B5FEB011CC6905900751CF1 /* PictureViewController.swift */,
				4B20AB781D007AFA0009442E /* AudioViewController.swift */,
				4B18DDAC1D13C3570092AB4F /* LaunchScreenViewController.swift */,
			);
			name = ViewControllers;
			sourceTree = "<group>";
		};
		4B79957F1CBB3B6000DEACB0 /* Models */ = {
			isa = PBXGroup;
			children = (
				4B3A8DF81C8470F2005B1DE5 /* Item.swift */,
				4B3A8DFA1C847581005B1DE5 /* ItemStore.swift */,
				4BB29B3B1C9A9672006E1BB8 /* ImageStore.swift */,
				4BF144881D011D750033AB71 /* AudioStore.swift */,
				4BF144861D01192F0033AB71 /* ResourceStore.swift */,
			);
			name = Models;
			sourceTree = "<group>";
		};
		4B7995801CBB3B7600DEACB0 /* Views */ = {
			isa = PBXGroup;
			children = (
				4B22C10E1CED6D4700441267 /* View */,
				4B22C10D1CED6D3300441267 /* Cell */,
			);
			name = Views;
			sourceTree = "<group>";
		};
		4B8EB5651CD6400700E9758C /* Resources */ = {
			isa = PBXGroup;
			children = (
				4B8EB55F1CD6271F00E9758C /* ItemSectionHeaderView.xib */,
				4B3A8DE81C846DDF005B1DE5 /* Main.storyboard */,
				4B3A8DEB1C846DDF005B1DE5 /* Assets.xcassets */,
				4BC5F5391CF4A85300B9D770 /* Reveal.framework */,
				4B33DF921D1055D500579DA0 /* Localizable.strings */,
			);
			name = Resources;
			sourceTree = "<group>";
		};
/* End PBXGroup section */

/* Begin PBXNativeTarget section */
		4B3A8DE01C846DDF005B1DE5 /* EasyToDo */ = {
			isa = PBXNativeTarget;
			buildConfigurationList = 4B3A8DF31C846DDF005B1DE5 /* Build configuration list for PBXNativeTarget "EasyToDo" */;
			buildPhases = (
				4B3A8DDD1C846DDF005B1DE5 /* Sources */,
				4B3A8DDE1C846DDF005B1DE5 /* Frameworks */,
				4B3A8DDF1C846DDF005B1DE5 /* Resources */,
			);
			buildRules = (
			);
			dependencies = (
			);
			name = EasyToDo;
			productName = EasyToDo;
			productReference = 4B3A8DE11C846DDF005B1DE5 /* EasyToDo.app */;
			productType = "com.apple.product-type.application";
		};
/* End PBXNativeTarget section */

/* Begin PBXProject section */
		4B3A8DD91C846DDF005B1DE5 /* Project object */ = {
			isa = PBXProject;
			attributes = {
				LastSwiftUpdateCheck = 0720;
				LastUpgradeCheck = 0720;
				ORGANIZATIONNAME = "Jackie Zhang";
				TargetAttributes = {
					4B3A8DE01C846DDF005B1DE5 = {
						CreatedOnToolsVersion = 7.2.1;
						DevelopmentTeam = 7TXG2EZRXQ;
					};
				};
			};
			buildConfigurationList = 4B3A8DDC1C846DDF005B1DE5 /* Build configuration list for PBXProject "EasyToDo" */;
			compatibilityVersion = "Xcode 3.2";
			developmentRegion = English;
			hasScannedForEncodings = 0;
			knownRegions = (
				en,
				Base,
				"zh-Hans",
			);
			mainGroup = 4B3A8DD81C846DDF005B1DE5;
			productRefGroup = 4B3A8DE21C846DDF005B1DE5 /* Products */;
			projectDirPath = "";
			projectRoot = "";
			targets = (
				4B3A8DE01C846DDF005B1DE5 /* EasyToDo */,
			);
		};
/* End PBXProject section */

/* Begin PBXResourcesBuildPhase section */
		4B3A8DDF1C846DDF005B1DE5 /* Resources */ = {
			isa = PBXResourcesBuildPhase;
			buildActionMask = 2147483647;
			files = (
				4B3A8DEC1C846DDF005B1DE5 /* Assets.xcassets in Resources */,
				4B8EB5601CD6271F00E9758C /* ItemSectionHeaderView.xib in Resources */,
				4B33DF901D1055D500579DA0 /* Localizable.strings in Resources */,
				4B3A8DEA1C846DDF005B1DE5 /* Main.storyboard in Resources */,
			);
			runOnlyForDeploymentPostprocessing = 0;
		};
/* End PBXResourcesBuildPhase section */

/* Begin PBXSourcesBuildPhase section */
		4B3A8DDD1C846DDF005B1DE5 /* Sources */ = {
			isa = PBXSourcesBuildPhase;
			buildActionMask = 2147483647;
			files = (
				4BF144891D011D750033AB71 /* AudioStore.swift in Sources */,
				4B82FAE51CED5AC8004F4E76 /* BaseCell.swift in Sources */,
				4B18DDAD1D13C3570092AB4F /* LaunchScreenViewController.swift in Sources */,
				4B3A8DF71C847018005B1DE5 /* ItemsViewController.swift in Sources */,
				4B5FEB021CC6905900751CF1 /* PictureViewController.swift in Sources */,
				4B7EB7731CCF6B8E00C90C0E /* ImageScrollView.swift in Sources */,
				4B3A8DF91C8470F2005B1DE5 /* Item.swift in Sources */,
				4B3A8DFB1C847581005B1DE5 /* ItemStore.swift in Sources */,
				4B8EB5641CD63D0D00E9758C /* ItemSectionHeaderView.swift in Sources */,
				4B3A8DE51C846DDF005B1DE5 /* AppDelegate.swift in Sources */,
				4B20AB791D007AFA0009442E /* AudioViewController.swift in Sources */,
				4BFACA6F1D123C3E0041435F /* AudioMeteringView.swift in Sources */,
				4BB29B3C1C9A9672006E1BB8 /* ImageStore.swift in Sources */,
				4BD8CD4D1C8F209200B38916 /* ItemCell.swift in Sources */,
				4BF144871D01192F0033AB71 /* ResourceStore.swift in Sources */,
			);
			runOnlyForDeploymentPostprocessing = 0;
		};
/* End PBXSourcesBuildPhase section */

/* Begin PBXVariantGroup section */
		4B33DF921D1055D500579DA0 /* Localizable.strings */ = {
			isa = PBXVariantGroup;
			children = (
				4B33DF911D1055D500579DA0 /* en */,
				4B33DF931D1055D900579DA0 /* zh-Hans */,
				4B33DF941D1056C300579DA0 /* Base */,
			);
			name = Localizable.strings;
			sourceTree = "<group>";
		};
		4B3A8DE81C846DDF005B1DE5 /* Main.storyboard */ = {
			isa = PBXVariantGroup;
			children = (
				4B3A8DE91C846DDF005B1DE5 /* Base */,
				4B33DF8B1D10531B00579DA0 /* zh-Hans */,
				4B33DF8D1D1053F000579DA0 /* en */,
			);
			name = Main.storyboard;
			sourceTree = "<group>";
		};
/* End PBXVariantGroup section */

/* Begin XCBuildConfiguration section */
		4B3A8DF11C846DDF005B1DE5 /* Debug */ = {
			isa = XCBuildConfiguration;
			buildSettings = {
				ALWAYS_SEARCH_USER_PATHS = NO;
				CLANG_CXX_LANGUAGE_STANDARD = "gnu++0x";
				CLANG_CXX_LIBRARY = "libc++";
				CLANG_ENABLE_MODULES = YES;
				CLANG_ENABLE_OBJC_ARC = YES;
				CLANG_WARN_BOOL_CONVERSION = YES;
				CLANG_WARN_CONSTANT_CONVERSION = YES;
				CLANG_WARN_DIRECT_OBJC_ISA_USAGE = YES_ERROR;
				CLANG_WARN_EMPTY_BODY = YES;
				CLANG_WARN_ENUM_CONVERSION = YES;
				CLANG_WARN_INT_CONVERSION = YES;
				CLANG_WARN_OBJC_ROOT_CLASS = YES_ERROR;
				CLANG_WARN_UNREACHABLE_CODE = YES;
				CLANG_WARN__DUPLICATE_METHOD_MATCH = YES;
				"CODE_SIGN_IDENTITY[sdk=iphoneos*]" = "iPhone Developer";
				COPY_PHASE_STRIP = NO;
				DEBUG_INFORMATION_FORMAT = dwarf;
				ENABLE_STRICT_OBJC_MSGSEND = YES;
				ENABLE_TESTABILITY = YES;
				GCC_C_LANGUAGE_STANDARD = gnu99;
				GCC_DYNAMIC_NO_PIC = NO;
				GCC_NO_COMMON_BLOCKS = YES;
				GCC_OPTIMIZATION_LEVEL = 0;
				GCC_PREPROCESSOR_DEFINITIONS = (
					"DEBUG=1",
					"$(inherited)",
				);
				GCC_WARN_64_TO_32_BIT_CONVERSION = YES;
				GCC_WARN_ABOUT_RETURN_TYPE = YES_ERROR;
				GCC_WARN_UNDECLARED_SELECTOR = YES;
				GCC_WARN_UNINITIALIZED_AUTOS = YES_AGGRESSIVE;
				GCC_WARN_UNUSED_FUNCTION = YES;
				GCC_WARN_UNUSED_VARIABLE = YES;
				IPHONEOS_DEPLOYMENT_TARGET = 9.2;
				MTL_ENABLE_DEBUG_INFO = YES;
				ONLY_ACTIVE_ARCH = YES;
				SDKROOT = iphoneos;
				SWIFT_OPTIMIZATION_LEVEL = "-Onone";
			};
			name = Debug;
		};
		4B3A8DF21C846DDF005B1DE5 /* Release */ = {
			isa = XCBuildConfiguration;
			buildSettings = {
				ALWAYS_SEARCH_USER_PATHS = NO;
				CLANG_CXX_LANGUAGE_STANDARD = "gnu++0x";
				CLANG_CXX_LIBRARY = "libc++";
				CLANG_ENABLE_MODULES = YES;
				CLANG_ENABLE_OBJC_ARC = YES;
				CLANG_WARN_BOOL_CONVERSION = YES;
				CLANG_WARN_CONSTANT_CONVERSION = YES;
				CLANG_WARN_DIRECT_OBJC_ISA_USAGE = YES_ERROR;
				CLANG_WARN_EMPTY_BODY = YES;
				CLANG_WARN_ENUM_CONVERSION = YES;
				CLANG_WARN_INT_CONVERSION = YES;
				CLANG_WARN_OBJC_ROOT_CLASS = YES_ERROR;
				CLANG_WARN_UNREACHABLE_CODE = YES;
				CLANG_WARN__DUPLICATE_METHOD_MATCH = YES;
				"CODE_SIGN_IDENTITY[sdk=iphoneos*]" = "iPhone Developer";
				COPY_PHASE_STRIP = NO;
				DEBUG_INFORMATION_FORMAT = "dwarf-with-dsym";
				ENABLE_NS_ASSERTIONS = NO;
				ENABLE_STRICT_OBJC_MSGSEND = YES;
				GCC_C_LANGUAGE_STANDARD = gnu99;
				GCC_NO_COMMON_BLOCKS = YES;
				GCC_WARN_64_TO_32_BIT_CONVERSION = YES;
				GCC_WARN_ABOUT_RETURN_TYPE = YES_ERROR;
				GCC_WARN_UNDECLARED_SELECTOR = YES;
				GCC_WARN_UNINITIALIZED_AUTOS = YES_AGGRESSIVE;
				GCC_WARN_UNUSED_FUNCTION = YES;
				GCC_WARN_UNUSED_VARIABLE = YES;
				IPHONEOS_DEPLOYMENT_TARGET = 9.2;
				MTL_ENABLE_DEBUG_INFO = NO;
				SDKROOT = iphoneos;
				VALIDATE_PRODUCT = YES;
			};
			name = Release;
		};
		4B3A8DF41C846DDF005B1DE5 /* Debug */ = {
			isa = XCBuildConfiguration;
			buildSettings = {
				ASSETCATALOG_COMPILER_APPICON_NAME = AppIcon;
				CODE_SIGN_IDENTITY = "iPhone Developer";
				"CODE_SIGN_IDENTITY[sdk=iphoneos*]" = "iPhone Developer";
				FRAMEWORK_SEARCH_PATHS = (
					"$(inherited)",
					"$(PROJECT_DIR)/EasyToDo",
				);
				INFOPLIST_FILE = EasyToDo/Info.plist;
				LD_RUNPATH_SEARCH_PATHS = "$(inherited) @executable_path/Frameworks";
				OTHER_LDFLAGS = (
					"-ObjC",
					"-lz",
					"-framework",
					Reveal,
				);
				PRODUCT_BUNDLE_IDENTIFIER = com.jackiezhang.EasyToDo;
				PRODUCT_NAME = EasyToDo;
				PROVISIONING_PROFILE = "";
			};
			name = Debug;
		};
		4B3A8DF51C846DDF005B1DE5 /* Release */ = {
			isa = XCBuildConfiguration;
			buildSettings = {
				ASSETCATALOG_COMPILER_APPICON_NAME = AppIcon;
				CODE_SIGN_IDENTITY = "iPhone Developer";
				"CODE_SIGN_IDENTITY[sdk=iphoneos*]" = "iPhone Developer";
				FRAMEWORK_SEARCH_PATHS = (
					"$(inherited)",
					"$(PROJECT_DIR)/EasyToDo",
				);
				INFOPLIST_FILE = EasyToDo/Info.plist;
				LD_RUNPATH_SEARCH_PATHS = "$(inherited) @executable_path/Frameworks";
				OTHER_LDFLAGS = (
					"-ObjC",
					"-lz",
					"-framework",
					Reveal,
				);
				PRODUCT_BUNDLE_IDENTIFIER = com.jackiezhang.EasyToDo;
				PRODUCT_NAME = EasyToDo;
				PROVISIONING_PROFILE = "";
			};
			name = Release;
		};
/* End XCBuildConfiguration section */

/* Begin XCConfigurationList section */
		4B3A8DDC1C846DDF005B1DE5 /* Build configuration list for PBXProject "EasyToDo" */ = {
			isa = XCConfigurationList;
			buildConfigurations = (
				4B3A8DF11C846DDF005B1DE5 /* Debug */,
				4B3A8DF21C846DDF005B1DE5 /* Release */,
			);
			defaultConfigurationIsVisible = 0;
			defaultConfigurationName = Release;
		};
		4B3A8DF31C846DDF005B1DE5 /* Build configuration list for PBXNativeTarget "EasyToDo" */ = {
			isa = XCConfigurationList;
			buildConfigurations = (
				4B3A8DF41C846DDF005B1DE5 /* Debug */,
				4B3A8DF51C846DDF005B1DE5 /* Release */,
			);
			defaultConfigurationIsVisible = 0;
			defaultConfigurationName = Release;
		};
/* End XCConfigurationList section */
	};
	rootObject = 4B3A8DD91C846DDF005B1DE5 /* Project object */;
}
